{
  "name": "skid-circuit-seam-regressions",
  "lockfileVersion": 3,
  "requires": true,
  "packages": {
    "": {
      "name": "skid-circuit-seam-regressions",
      "dependencies": {
        "crashcat": "0.0.2",
        "three": "0.183.2"
      }
    },
    "node_modules/crashcat": {
      "version": "0.0.2",
      "resolved": "https://registry.npmjs.org/crashcat/-/crashcat-0.0.2.tgz",
      "integrity": "sha512-yWjguws2C+bJbPFdlGO7Z/qx5s5m5XO3IzImu8F2h1AjEjEYjYUM3C8d0XkfwK6XJ2Y4E3n53MBGB7B+O7enTQ==",
      "license": "MIT",
      "dependencies": {
        "mathcat": "0.0.11"
      },
      "peerDependencies": {
        "mathcat": "0.0.11",
        "three": ">=0.182.0"
      },
      "peerDependenciesMeta": {
        "three": {
          "optional": true
        }
      }
    },
    "node_modules/mathcat": {
      "version": "0.0.11",
      "resolved": "https://registry.npmjs.org/mathcat/-/mathcat-0.0.11.tgz",
      "integrity": "sha512-HIGDmqrjy6KE4LRH9uGLdYoVl+69idwtE5OjHILnNB4IL4RE2aVNagjLAWFKWH5xlcxNH9i+AoBgRKR4VdsyFw==",
      "license": "MIT"
    },
    "node_modules/three": {
      "version": "0.183.2",
      "resolved": "https://registry.npmjs.org/three/-/three-0.183.2.tgz",
      "integrity": "sha512-di3BsL2FEQ1PA7Hcvn4fyJOlxRRgFYBpMTcyOgkwJIaDOdJMebEFPA+t98EvjuljDx4hNulAGwF6KIjtwI5jgQ==",
      "license": "MIT"
    }
  }
}
